// !$*UTF8*$!
{
	archiveVersion = 1;
	classes = {
	};
	objectVersion = 77;
	objects = {

/* Begin PBXBuildFile section */
		654189432DD685B2007E7F77 /* FirebaseFirestore in Frameworks */ = {isa = PBXBuildFile; productRef = 654189422DD685B2007E7F77 /* FirebaseFirestore */; };
		65D543422E2DE799003B5737 /* WidgetKit.framework in Frameworks */ = {isa = PBXBuildFile; fileRef = 65D543412E2DE799003B5737 /* WidgetKit.framework */; };
		65D543442E2DE799003B5737 /* SwiftUI.framework in Frameworks */ = {isa = PBXBuildFile; fileRef = 65D543432E2DE799003B5737 /* SwiftUI.framework */; };
		65D543552E2DE79A003B5737 /* PomodoroWidgetExtension.appex in Embed Foundation Extensions */ = {isa = PBXBuildFile; fileRef = 65D543402E2DE799003B5737 /* PomodoroWidgetExtension.appex */; settings = {ATTRIBUTES = (RemoveHeadersOnCopy, ); }; };
		65D805D92D725AEE00BF8A91 /* FirebaseAnalytics in Frameworks */ = {isa = PBXBuildFile; productRef = 65D805D82D725AEE00BF8A91 /* FirebaseAnalytics */; };
		65D805DC2D72CF4C00BF8A91 /* FirebaseAuth in Frameworks */ = {isa = PBXBuildFile; productRef = 65D805DB2D72CF4C00BF8A91 /* FirebaseAuth */; };
/* End PBXBuildFile section */

/* Begin PBXContainerItemProxy section */
		65B85A632D5F20B800A735DE /* PBXContainerItemProxy */ = {
			isa = PBXContainerItemProxy;
			containerPortal = 65B85A4A2D5F20B600A735DE /* Project object */;
			proxyType = 1;
			remoteGlobalIDString = 65B85A512D5F20B600A735DE;
			remoteInfo = Studyon;
		};
		65B85A6D2D5F20B800A735DE /* PBXContainerItemProxy */ = {
			isa = PBXContainerItemProxy;
			containerPortal = 65B85A4A2D5F20B600A735DE /* Project object */;
			proxyType = 1;
			remoteGlobalIDString = 65B85A512D5F20B600A735DE;
			remoteInfo = Studyon;
		};
		65D543532E2DE79A003B5737 /* PBXContainerItemProxy */ = {
			isa = PBXContainerItemProxy;
			containerPortal = 65B85A4A2D5F20B600A735DE /* Project object */;
			proxyType = 1;
			remoteGlobalIDString = 65D5433F2E2DE799003B5737;
			remoteInfo = PomodoroWidgetExtension;
		};
/* End PBXContainerItemProxy section */

/* Begin PBXCopyFilesBuildPhase section */
		65D5435A2E2DE79A003B5737 /* Embed Foundation Extensions */ = {
			isa = PBXCopyFilesBuildPhase;
			buildActionMask = 2147483647;
			dstPath = "";
			dstSubfolderSpec = 13;
			files = (
				65D543552E2DE79A003B5737 /* PomodoroWidgetExtension.appex in Embed Foundation Extensions */,
			);
			name = "Embed Foundation Extensions";
			runOnlyForDeploymentPostprocessing = 0;
		};
/* End PBXCopyFilesBuildPhase section */

/* Begin PBXFileReference section */
		65B85A522D5F20B600A735DE /* Studyon.app */ = {isa = PBXFileReference; explicitFileType = wrapper.application; includeInIndex = 0; path = Studyon.app; sourceTree = BUILT_PRODUCTS_DIR; };
		65B85A622D5F20B800A735DE /* StudyonTests.xctest */ = {isa = PBXFileReference; explicitFileType = wrapper.cfbundle; includeInIndex = 0; path = StudyonTests.xctest; sourceTree = BUILT_PRODUCTS_DIR; };
		65B85A6C2D5F20B800A735DE /* StudyonUITests.xctest */ = {isa = PBXFileReference; explicitFileType = wrapper.cfbundle; includeInIndex = 0; path = StudyonUITests.xctest; sourceTree = BUILT_PRODUCTS_DIR; };
		65D543402E2DE799003B5737 /* PomodoroWidgetExtension.appex */ = {isa = PBXFileReference; explicitFileType = "wrapper.app-extension"; includeInIndex = 0; path = PomodoroWidgetExtension.appex; sourceTree = BUILT_PRODUCTS_DIR; };
		65D543412E2DE799003B5737 /* WidgetKit.framework */ = {isa = PBXFileReference; lastKnownFileType = wrapper.framework; name = WidgetKit.framework; path = System/Library/Frameworks/WidgetKit.framework; sourceTree = SDKROOT; };
		65D543432E2DE799003B5737 /* SwiftUI.framework */ = {isa = PBXFileReference; lastKnownFileType = wrapper.framework; name = SwiftUI.framework; path = System/Library/Frameworks/SwiftUI.framework; sourceTree = SDKROOT; };
/* End PBXFileReference section */

/* Begin PBXFileSystemSynchronizedBuildFileExceptionSet section */
		65A904EA2E2C7ED800013F5D /* Exceptions for "Studyon" folder in "Studyon" target */ = {
			isa = PBXFileSystemSynchronizedBuildFileExceptionSet;
			membershipExceptions = (
				Info.plist,
			);
			target = 65B85A512D5F20B600A735DE /* Studyon */;
		};
		65D543592E2DE79A003B5737 /* Exceptions for "PomodoroWidget" folder in "PomodoroWidgetExtension" target */ = {
			isa = PBXFileSystemSynchronizedBuildFileExceptionSet;
			membershipExceptions = (
				Info.plist,
			);
			target = 65D5433F2E2DE799003B5737 /* PomodoroWidgetExtension */;
		};
		65D543602E2DEF10003B5737 /* Exceptions for "Studyon" folder in "PomodoroWidgetExtension" target */ = {
			isa = PBXFileSystemSynchronizedBuildFileExceptionSet;
			membershipExceptions = (
				Assets.xcassets,
				Views/PomodoroWidgetsAttributes.swift,
			);
			target = 65D5433F2E2DE799003B5737 /* PomodoroWidgetExtension */;
		};
/* End PBXFileSystemSynchronizedBuildFileExceptionSet section */

/* Begin PBXFileSystemSynchronizedRootGroup section */
		65B85A542D5F20B600A735DE /* Studyon */ = {
			isa = PBXFileSystemSynchronizedRootGroup;
			exceptions = (
				65A904EA2E2C7ED800013F5D /* Exceptions for "Studyon" folder in "Studyon" target */,
				65D543602E2DEF10003B5737 /* Exceptions for "Studyon" folder in "PomodoroWidgetExtension" target */,
			);
			path = Studyon;
			sourceTree = "<group>";
		};
		65B85A652D5F20B800A735DE /* StudyonTests */ = {
			isa = PBXFileSystemSynchronizedRootGroup;
			path = StudyonTests;
			sourceTree = "<group>";
		};
		65B85A6F2D5F20B800A735DE /* StudyonUITests */ = {
			isa = PBXFileSystemSynchronizedRootGroup;
			path = StudyonUITests;
			sourceTree = "<group>";
		};
		65D543452E2DE799003B5737 /* PomodoroWidget */ = {
			isa = PBXFileSystemSynchronizedRootGroup;
			exceptions = (
				65D543592E2DE79A003B5737 /* Exceptions for "PomodoroWidget" folder in "PomodoroWidgetExtension" target */,
			);
			path = PomodoroWidget;
			sourceTree = "<group>";
		};
/* End PBXFileSystemSynchronizedRootGroup section */

/* Begin PBXFrameworksBuildPhase section */
		65B85A4F2D5F20B600A735DE /* Frameworks */ = {
			isa = PBXFrameworksBuildPhase;
			buildActionMask = 2147483647;
			files = (
				65D805D92D725AEE00BF8A91 /* FirebaseAnalytics in Frameworks */,
				65D805DC2D72CF4C00BF8A91 /* FirebaseAuth in Frameworks */,
				654189432DD685B2007E7F77 /* FirebaseFirestore in Frameworks */,
			);
			runOnlyForDeploymentPostprocessing = 0;
		};
		65B85A5F2D5F20B800A735DE /* Frameworks */ = {
			isa = PBXFrameworksBuildPhase;
			buildActionMask = 2147483647;
			files = (
			);
			runOnlyForDeploymentPostprocessing = 0;
		};
		65B85A692D5F20B800A735DE /* Frameworks */ = {
			isa = PBXFrameworksBuildPhase;
			buildActionMask = 2147483647;
			files = (
			);
			runOnlyForDeploymentPostprocessing = 0;
		};
		65D5433D2E2DE799003B5737 /* Frameworks */ = {
			isa = PBXFrameworksBuildPhase;
			buildActionMask = 2147483647;
			files = (
				65D543442E2DE799003B5737 /* SwiftUI.framework in Frameworks */,
				65D543422E2DE799003B5737 /* WidgetKit.framework in Frameworks */,
			);
			runOnlyForDeploymentPostprocessing = 0;
		};
/* End PBXFrameworksBuildPhase section */

/* Begin PBXGroup section */
		65B85A492D5F20B600A735DE = {
			isa = PBXGroup;
			children = (
				65B85A542D5F20B600A735DE /* Studyon */,
				65B85A652D5F20B800A735DE /* StudyonTests */,
				65B85A6F2D5F20B800A735DE /* StudyonUITests */,
				65D543452E2DE799003B5737 /* PomodoroWidget */,
				65D805DA2D72CF4C00BF8A91 /* Frameworks */,
				65B85A532D5F20B600A735DE /* Products */,
			);
			sourceTree = "<group>";
		};
		65B85A532D5F20B600A735DE /* Products */ = {
			isa = PBXGroup;
			children = (
				65B85A522D5F20B600A735DE /* Studyon.app */,
				65B85A622D5F20B800A735DE /* StudyonTests.xctest */,
				65B85A6C2D5F20B800A735DE /* StudyonUITests.xctest */,
				65D543402E2DE799003B5737 /* PomodoroWidgetExtension.appex */,
			);
			name = Products;
			sourceTree = "<group>";
		};
		65D805DA2D72CF4C00BF8A91 /* Frameworks */ = {
			isa = PBXGroup;
			children = (
				65D543412E2DE799003B5737 /* WidgetKit.framework */,
				65D543432E2DE799003B5737 /* SwiftUI.framework */,
			);
			name = Frameworks;
			sourceTree = "<group>";
		};
/* End PBXGroup section */

/* Begin PBXNativeTarget section */
		65B85A512D5F20B600A735DE /* Studyon */ = {
			isa = PBXNativeTarget;
			buildConfigurationList = 65B85A762D5F20B800A735DE /* Build configuration list for PBXNativeTarget "Studyon" */;
			buildPhases = (
				65B85A4E2D5F20B600A735DE /* Sources */,
				65B85A4F2D5F20B600A735DE /* Frameworks */,
				65B85A502D5F20B600A735DE /* Resources */,
				65D5435A2E2DE79A003B5737 /* Embed Foundation Extensions */,
			);
			buildRules = (
			);
			dependencies = (
				65D543542E2DE79A003B5737 /* PBXTargetDependency */,
			);
			fileSystemSynchronizedGroups = (
				65B85A542D5F20B600A735DE /* Studyon */,
			);
			name = Studyon;
			packageProductDependencies = (
				65D805D82D725AEE00BF8A91 /* FirebaseAnalytics */,
				65D805DB2D72CF4C00BF8A91 /* FirebaseAuth */,
				654189422DD685B2007E7F77 /* FirebaseFirestore */,
			);
			productName = Studyon;
			productReference = 65B85A522D5F20B600A735DE /* Studyon.app */;
			productType = "com.apple.product-type.application";
		};
		65B85A612D5F20B800A735DE /* StudyonTests */ = {
			isa = PBXNativeTarget;
			buildConfigurationList = 65B85A792D5F20B800A735DE /* Build configuration list for PBXNativeTarget "StudyonTests" */;
			buildPhases = (
				65B85A5E2D5F20B800A735DE /* Sources */,
				65B85A5F2D5F20B800A735DE /* Frameworks */,
				65B85A602D5F20B800A735DE /* Resources */,
			);
			buildRules = (
			);
			dependencies = (
				65B85A642D5F20B800A735DE /* PBXTargetDependency */,
			);
			fileSystemSynchronizedGroups = (
				65B85A652D5F20B800A735DE /* StudyonTests */,
			);
			name = StudyonTests;
			packageProductDependencies = (
			);
			productName = StudyonTests;
			productReference = 65B85A622D5F20B800A735DE /* StudyonTests.xctest */;
			productType = "com.apple.product-type.bundle.unit-test";
		};
		65B85A6B2D5F20B800A735DE /* StudyonUITests */ = {
			isa = PBXNativeTarget;
			buildConfigurationList = 65B85A7C2D5F20B800A735DE /* Build configuration list for PBXNativeTarget "StudyonUITests" */;
			buildPhases = (
				65B85A682D5F20B800A735DE /* Sources */,
				65B85A692D5F20B800A735DE /* Frameworks */,
				65B85A6A2D5F20B800A735DE /* Resources */,
			);
			buildRules = (
			);
			dependencies = (
				65B85A6E2D5F20B800A735DE /* PBXTargetDependency */,
			);
			fileSystemSynchronizedGroups = (
				65B85A6F2D5F20B800A735DE /* StudyonUITests */,
			);
			name = StudyonUITests;
			packageProductDependencies = (
			);
			productName = StudyonUITests;
			productReference = 65B85A6C2D5F20B800A735DE /* StudyonUITests.xctest */;
			productType = "com.apple.product-type.bundle.ui-testing";
		};
		65D5433F2E2DE799003B5737 /* PomodoroWidgetExtension */ = {
			isa = PBXNativeTarget;
			buildConfigurationList = 65D543562E2DE79A003B5737 /* Build configuration list for PBXNativeTarget "PomodoroWidgetExtension" */;
			buildPhases = (
				65D5433C2E2DE799003B5737 /* Sources */,
				65D5433D2E2DE799003B5737 /* Frameworks */,
				65D5433E2E2DE799003B5737 /* Resources */,
			);
			buildRules = (
			);
			dependencies = (
			);
			fileSystemSynchronizedGroups = (
				65D543452E2DE799003B5737 /* PomodoroWidget */,
			);
			name = PomodoroWidgetExtension;
			packageProductDependencies = (
			);
			productName = PomodoroWidgetExtension;
			productReference = 65D543402E2DE799003B5737 /* PomodoroWidgetExtension.appex */;
			productType = "com.apple.product-type.app-extension";
		};
/* End PBXNativeTarget section */

/* Begin PBXProject section */
		65B85A4A2D5F20B600A735DE /* Project object */ = {
			isa = PBXProject;
			attributes = {
				BuildIndependentTargetsInParallel = 1;
				LastSwiftUpdateCheck = 2600;
				LastUpgradeCheck = 1620;
				TargetAttributes = {
					65B85A512D5F20B600A735DE = {
						CreatedOnToolsVersion = 16.2;
					};
					65B85A612D5F20B800A735DE = {
						CreatedOnToolsVersion = 16.2;
						TestTargetID = 65B85A512D5F20B600A735DE;
					};
					65B85A6B2D5F20B800A735DE = {
						CreatedOnToolsVersion = 16.2;
						TestTargetID = 65B85A512D5F20B600A735DE;
					};
					65D5433F2E2DE799003B5737 = {
						CreatedOnToolsVersion = 26.0;
					};
				};
			};
			buildConfigurationList = 65B85A4D2D5F20B600A735DE /* Build configuration list for PBXProject "Studyon" */;
			developmentRegion = en;
			hasScannedForEncodings = 0;
			knownRegions = (
				en,
				Base,
			);
			mainGroup = 65B85A492D5F20B600A735DE;
			minimizedProjectReferenceProxies = 1;
			packageReferences = (
				65D805D72D725AEE00BF8A91 /* XCRemoteSwiftPackageReference "firebase-ios-sdk" */,
			);
			preferredProjectObjectVersion = 77;
			productRefGroup = 65B85A532D5F20B600A735DE /* Products */;
			projectDirPath = "";
			projectRoot = "";
			targets = (
				65B85A512D5F20B600A735DE /* Studyon */,
				65B85A612D5F20B800A735DE /* StudyonTests */,
				65B85A6B2D5F20B800A735DE /* StudyonUITests */,
				65D5433F2E2DE799003B5737 /* PomodoroWidgetExtension */,
			);
		};
/* End PBXProject section */

/* Begin PBXResourcesBuildPhase section */
		65B85A502D5F20B600A735DE /* Resources */ = {
			isa = PBXResourcesBuildPhase;
			buildActionMask = 2147483647;
			files = (
			);
			runOnlyForDeploymentPostprocessing = 0;
		};
		65B85A602D5F20B800A735DE /* Resources */ = {
			isa = PBXResourcesBuildPhase;
			buildActionMask = 2147483647;
			files = (
			);
			runOnlyForDeploymentPostprocessing = 0;
		};
		65B85A6A2D5F20B800A735DE /* Resources */ = {
			isa = PBXResourcesBuildPhase;
			buildActionMask = 2147483647;
			files = (
			);
			runOnlyForDeploymentPostprocessing = 0;
		};
		65D5433E2E2DE799003B5737 /* Resources */ = {
			isa = PBXResourcesBuildPhase;
			buildActionMask = 2147483647;
			files = (
			);
			runOnlyForDeploymentPostprocessing = 0;
		};
/* End PBXResourcesBuildPhase section */

/* Begin PBXSourcesBuildPhase section */
		65B85A4E2D5F20B600A735DE /* Sources */ = {
			isa = PBXSourcesBuildPhase;
			buildActionMask = 2147483647;
			files = (
			);
			runOnlyForDeploymentPostprocessing = 0;
		};
		65B85A5E2D5F20B800A735DE /* Sources */ = {
			isa = PBXSourcesBuildPhase;
			buildActionMask = 2147483647;
			files = (
			);
			runOnlyForDeploymentPostprocessing = 0;
		};
		65B85A682D5F20B800A735DE /* Sources */ = {
			isa = PBXSourcesBuildPhase;
			buildActionMask = 2147483647;
			files = (
			);
			runOnlyForDeploymentPostprocessing = 0;
		};
		65D5433C2E2DE799003B5737 /* Sources */ = {
			isa = PBXSourcesBuildPhase;
			buildActionMask = 2147483647;
			files = (
			);
			runOnlyForDeploymentPostprocessing = 0;
		};
/* End PBXSourcesBuildPhase section */

/* Begin PBXTargetDependency section */
		65B85A642D5F20B800A735DE /* PBXTargetDependency */ = {
			isa = PBXTargetDependency;
			target = 65B85A512D5F20B600A735DE /* Studyon */;
			targetProxy = 65B85A632D5F20B800A735DE /* PBXContainerItemProxy */;
		};
		65B85A6E2D5F20B800A735DE /* PBXTargetDependency */ = {
			isa = PBXTargetDependency;
			target = 65B85A512D5F20B600A735DE /* Studyon */;
			targetProxy = 65B85A6D2D5F20B800A735DE /* PBXContainerItemProxy */;
		};
		65D543542E2DE79A003B5737 /* PBXTargetDependency */ = {
			isa = PBXTargetDependency;
			target = 65D5433F2E2DE799003B5737 /* PomodoroWidgetExtension */;
			targetProxy = 65D543532E2DE79A003B5737 /* PBXContainerItemProxy */;
		};
/* End PBXTargetDependency section */

/* Begin XCBuildConfiguration section */
		65B85A742D5F20B800A735DE /* Debug */ = {
			isa = XCBuildConfiguration;
			buildSettings = {
				ALWAYS_SEARCH_USER_PATHS = NO;
				ASSETCATALOG_COMPILER_GENERATE_SWIFT_ASSET_SYMBOL_EXTENSIONS = YES;
				CLANG_ANALYZER_NONNULL = YES;
				CLANG_ANALYZER_NUMBER_OBJECT_CONVERSION = YES_AGGRESSIVE;
				CLANG_CXX_LANGUAGE_STANDARD = "gnu++20";
				CLANG_ENABLE_MODULES = YES;
				CLANG_ENABLE_OBJC_ARC = YES;
				CLANG_ENABLE_OBJC_WEAK = YES;
				CLANG_WARN_BLOCK_CAPTURE_AUTORELEASING = YES;
				CLANG_WARN_BOOL_CONVERSION = YES;
				CLANG_WARN_COMMA = YES;
				CLANG_WARN_CONSTANT_CONVERSION = YES;
				CLANG_WARN_DEPRECATED_OBJC_IMPLEMENTATIONS = YES;
				CLANG_WARN_DIRECT_OBJC_ISA_USAGE = YES_ERROR;
				CLANG_WARN_DOCUMENTATION_COMMENTS = YES;
				CLANG_WARN_EMPTY_BODY = YES;
				CLANG_WARN_ENUM_CONVERSION = YES;
				CLANG_WARN_INFINITE_RECURSION = YES;
				CLANG_WARN_INT_CONVERSION = YES;
				CLANG_WARN_NON_LITERAL_NULL_CONVERSION = YES;
				CLANG_WARN_OBJC_IMPLICIT_RETAIN_SELF = YES;
				CLANG_WARN_OBJC_LITERAL_CONVERSION = YES;
				CLANG_WARN_OBJC_ROOT_CLASS = YES_ERROR;
				CLANG_WARN_QUOTED_INCLUDE_IN_FRAMEWORK_HEADER = YES;
				CLANG_WARN_RANGE_LOOP_ANALYSIS = YES;
				CLANG_WARN_STRICT_PROTOTYPES = YES;
				CLANG_WARN_SUSPICIOUS_MOVE = YES;
				CLANG_WARN_UNGUARDED_AVAILABILITY = YES_AGGRESSIVE;
				CLANG_WARN_UNREACHABLE_CODE = YES;
				CLANG_WARN__DUPLICATE_METHOD_MATCH = YES;
				COPY_PHASE_STRIP = NO;
				DEBUG_INFORMATION_FORMAT = dwarf;
				ENABLE_STRICT_OBJC_MSGSEND = YES;
				ENABLE_TESTABILITY = YES;
				ENABLE_USER_SCRIPT_SANDBOXING = YES;
				GCC_C_LANGUAGE_STANDARD = gnu17;
				GCC_DYNAMIC_NO_PIC = NO;
				GCC_NO_COMMON_BLOCKS = YES;
				GCC_OPTIMIZATION_LEVEL = 0;
				GCC_PREPROCESSOR_DEFINITIONS = (
					"DEBUG=1",
					"$(inherited)",
				);
				GCC_WARN_64_TO_32_BIT_CONVERSION = YES;
				GCC_WARN_ABOUT_RETURN_TYPE = YES_ERROR;
				GCC_WARN_UNDECLARED_SELECTOR = YES;
				GCC_WARN_UNINITIALIZED_AUTOS = YES_AGGRESSIVE;
				GCC_WARN_UNUSED_FUNCTION = YES;
				GCC_WARN_UNUSED_VARIABLE = YES;
				IPHONEOS_DEPLOYMENT_TARGET = 18.2;
				LOCALIZATION_PREFERS_STRING_CATALOGS = YES;
				MTL_ENABLE_DEBUG_INFO = INCLUDE_SOURCE;
				MTL_FAST_MATH = YES;
				ONLY_ACTIVE_ARCH = YES;
				SDKROOT = iphoneos;
				SWIFT_ACTIVE_COMPILATION_CONDITIONS = "DEBUG $(inherited)";
				SWIFT_OPTIMIZATION_LEVEL = "-Onone";
			};
			name = Debug;
		};
		65B85A752D5F20B800A735DE /* Release */ = {
			isa = XCBuildConfiguration;
			buildSettings = {
				ALWAYS_SEARCH_USER_PATHS = NO;
				ASSETCATALOG_COMPILER_GENERATE_SWIFT_ASSET_SYMBOL_EXTENSIONS = YES;
				CLANG_ANALYZER_NONNULL = YES;
				CLANG_ANALYZER_NUMBER_OBJECT_CONVERSION = YES_AGGRESSIVE;
				CLANG_CXX_LANGUAGE_STANDARD = "gnu++20";
				CLANG_ENABLE_MODULES = YES;
				CLANG_ENABLE_OBJC_ARC = YES;
				CLANG_ENABLE_OBJC_WEAK = YES;
				CLANG_WARN_BLOCK_CAPTURE_AUTORELEASING = YES;
				CLANG_WARN_BOOL_CONVERSION = YES;
				CLANG_WARN_COMMA = YES;
				CLANG_WARN_CONSTANT_CONVERSION = YES;
				CLANG_WARN_DEPRECATED_OBJC_IMPLEMENTATIONS = YES;
				CLANG_WARN_DIRECT_OBJC_ISA_USAGE = YES_ERROR;
				CLANG_WARN_DOCUMENTATION_COMMENTS = YES;
				CLANG_WARN_EMPTY_BODY = YES;
				CLANG_WARN_ENUM_CONVERSION = YES;
				CLANG_WARN_INFINITE_RECURSION = YES;
				CLANG_WARN_INT_CONVERSION = YES;
				CLANG_WARN_NON_LITERAL_NULL_CONVERSION = YES;
				CLANG_WARN_OBJC_IMPLICIT_RETAIN_SELF = YES;
				CLANG_WARN_OBJC_LITERAL_CONVERSION = YES;
				CLANG_WARN_OBJC_ROOT_CLASS = YES_ERROR;
				CLANG_WARN_QUOTED_INCLUDE_IN_FRAMEWORK_HEADER = YES;
				CLANG_WARN_RANGE_LOOP_ANALYSIS = YES;
				CLANG_WARN_STRICT_PROTOTYPES = YES;
				CLANG_WARN_SUSPICIOUS_MOVE = YES;
				CLANG_WARN_UNGUARDED_AVAILABILITY = YES_AGGRESSIVE;
				CLANG_WARN_UNREACHABLE_CODE = YES;
				CLANG_WARN__DUPLICATE_METHOD_MATCH = YES;
				COPY_PHASE_STRIP = NO;
				DEBUG_INFORMATION_FORMAT = "dwarf-with-dsym";
				ENABLE_NS_ASSERTIONS = NO;
				ENABLE_STRICT_OBJC_MSGSEND = YES;
				ENABLE_USER_SCRIPT_SANDBOXING = YES;
				GCC_C_LANGUAGE_STANDARD = gnu17;
				GCC_NO_COMMON_BLOCKS = YES;
				GCC_WARN_64_TO_32_BIT_CONVERSION = YES;
				GCC_WARN_ABOUT_RETURN_TYPE = YES_ERROR;
				GCC_WARN_UNDECLARED_SELECTOR = YES;
				GCC_WARN_UNINITIALIZED_AUTOS = YES_AGGRESSIVE;
				GCC_WARN_UNUSED_FUNCTION = YES;
				GCC_WARN_UNUSED_VARIABLE = YES;
				IPHONEOS_DEPLOYMENT_TARGET = 18.2;
				LOCALIZATION_PREFERS_STRING_CATALOGS = YES;
				MTL_ENABLE_DEBUG_INFO = NO;
				MTL_FAST_MATH = YES;
				SDKROOT = iphoneos;
				SWIFT_COMPILATION_MODE = wholemodule;
				VALIDATE_PRODUCT = YES;
			};
			name = Release;
		};
		65B85A772D5F20B800A735DE /* Debug */ = {
			isa = XCBuildConfiguration;
			buildSettings = {
				ASSETCATALOG_COMPILER_APPICON_NAME = "AppIcon 1";
				ASSETCATALOG_COMPILER_GLOBAL_ACCENT_COLOR_NAME = AccentColor;
				ASSETCATALOG_COMPILER_INCLUDE_ALL_APPICON_ASSETS = NO;
				CODE_SIGN_STYLE = Automatic;
				CURRENT_PROJECT_VERSION = 1;
				DEVELOPMENT_ASSET_PATHS = "\"Studyon/Preview Content\"";
				DEVELOPMENT_TEAM = J722DG3N7J;
				ENABLE_PREVIEWS = YES;
				GENERATE_INFOPLIST_FILE = YES;
				INFOPLIST_FILE = Studyon/Info.plist;
				INFOPLIST_KEY_CFBundleDisplayName = OnStudy;
				INFOPLIST_KEY_LSApplicationCategoryType = "public.app-category.productivity";
				INFOPLIST_KEY_NSSupportsLiveActivities = YES;
				INFOPLIST_KEY_UIApplicationSceneManifest_Generation = YES;
				INFOPLIST_KEY_UIApplicationSupportsIndirectInputEvents = YES;
				INFOPLIST_KEY_UILaunchStoryboardName = "";
				INFOPLIST_KEY_UISupportedInterfaceOrientations = UIInterfaceOrientationPortrait;
				LD_RUNPATH_SEARCH_PATHS = (
					"$(inherited)",
					"@executable_path/Frameworks",
				);
				MARKETING_VERSION = 1.0;
				PRODUCT_BUNDLE_IDENTIFIER = com.danielmoreno.projects.Studyon;
				PRODUCT_NAME = "$(TARGET_NAME)";
				SWIFT_EMIT_LOC_STRINGS = YES;
				SWIFT_VERSION = 5.0;
				TARGETED_DEVICE_FAMILY = "1,2";
			};
			name = Debug;
		};
		65B85A782D5F20B800A735DE /* Release */ = {
			isa = XCBuildConfiguration;
			buildSettings = {
				ASSETCATALOG_COMPILER_APPICON_NAME = "AppIcon 1";
				ASSETCATALOG_COMPILER_GLOBAL_ACCENT_COLOR_NAME = AccentColor;
				ASSETCATALOG_COMPILER_INCLUDE_ALL_APPICON_ASSETS = NO;
				CODE_SIGN_STYLE = Automatic;
				CURRENT_PROJECT_VERSION = 1;
				DEVELOPMENT_ASSET_PATHS = "\"Studyon/Preview Content\"";
				DEVELOPMENT_TEAM = J722DG3N7J;
				ENABLE_PREVIEWS = YES;
				GENERATE_INFOPLIST_FILE = YES;
				INFOPLIST_FILE = Studyon/Info.plist;
				INFOPLIST_KEY_CFBundleDisplayName = OnStudy;
				INFOPLIST_KEY_LSApplicationCategoryType = "public.app-category.productivity";
				INFOPLIST_KEY_NSSupportsLiveActivities = YES;
				INFOPLIST_KEY_UIApplicationSceneManifest_Generation = YES;
				INFOPLIST_KEY_UIApplicationSupportsIndirectInputEvents = YES;
				INFOPLIST_KEY_UILaunchStoryboardName = "";
				INFOPLIST_KEY_UISupportedInterfaceOrientations = UIInterfaceOrientationPortrait;
				LD_RUNPATH_SEARCH_PATHS = (
					"$(inherited)",
					"@executable_path/Frameworks",
				);
				MARKETING_VERSION = 1.0;
				PRODUCT_BUNDLE_IDENTIFIER = com.danielmoreno.projects.Studyon;
				PRODUCT_NAME = "$(TARGET_NAME)";
				SWIFT_EMIT_LOC_STRINGS = YES;
				SWIFT_VERSION = 5.0;
				TARGETED_DEVICE_FAMILY = "1,2";
			};
			name = Release;
		};
		65B85A7A2D5F20B800A735DE /* Debug */ = {
			isa = XCBuildConfiguration;
			buildSettings = {
				BUNDLE_LOADER = "$(TEST_HOST)";
				CODE_SIGN_STYLE = Automatic;
				CURRENT_PROJECT_VERSION = 1;
				DEVELOPMENT_TEAM = J722DG3N7J;
				GENERATE_INFOPLIST_FILE = YES;
				IPHONEOS_DEPLOYMENT_TARGET = 18.2;
				MARKETING_VERSION = 1.0;
				PRODUCT_BUNDLE_IDENTIFIER = com.danielmoreno.projects.StudyonTests;
				PRODUCT_NAME = "$(TARGET_NAME)";
				SWIFT_EMIT_LOC_STRINGS = NO;
				SWIFT_VERSION = 5.0;
				TARGETED_DEVICE_FAMILY = "1,2";
				TEST_HOST = "$(BUILT_PRODUCTS_DIR)/Studyon.app/$(BUNDLE_EXECUTABLE_FOLDER_PATH)/Studyon";
			};
			name = Debug;
		};
		65B85A7B2D5F20B800A735DE /* Release */ = {
			isa = XCBuildConfiguration;
			buildSettings = {
				BUNDLE_LOADER = "$(TEST_HOST)";
				CODE_SIGN_STYLE = Automatic;
				CURRENT_PROJECT_VERSION = 1;
				DEVELOPMENT_TEAM = J722DG3N7J;
				GENERATE_INFOPLIST_FILE = YES;
				IPHONEOS_DEPLOYMENT_TARGET = 18.2;
				MARKETING_VERSION = 1.0;
				PRODUCT_BUNDLE_IDENTIFIER = com.danielmoreno.projects.StudyonTests;
				PRODUCT_NAME = "$(TARGET_NAME)";
				SWIFT_EMIT_LOC_STRINGS = NO;
				SWIFT_VERSION = 5.0;
				TARGETED_DEVICE_FAMILY = "1,2";
				TEST_HOST = "$(BUILT_PRODUCTS_DIR)/Studyon.app/$(BUNDLE_EXECUTABLE_FOLDER_PATH)/Studyon";
			};
			name = Release;
		};
		65B85A7D2D5F20B800A735DE /* Debug */ = {
			isa = XCBuildConfiguration;
			buildSettings = {
				CODE_SIGN_STYLE = Automatic;
				CURRENT_PROJECT_VERSION = 1;
				DEVELOPMENT_TEAM = J722DG3N7J;
				GENERATE_INFOPLIST_FILE = YES;
				MARKETING_VERSION = 1.0;
				PRODUCT_BUNDLE_IDENTIFIER = com.danielmoreno.projects.StudyonUITests;
				PRODUCT_NAME = "$(TARGET_NAME)";
				SWIFT_EMIT_LOC_STRINGS = NO;
				SWIFT_VERSION = 5.0;
				TARGETED_DEVICE_FAMILY = "1,2";
				TEST_TARGET_NAME = Studyon;
			};
			name = Debug;
		};
		65B85A7E2D5F20B800A735DE /* Release */ = {
			isa = XCBuildConfiguration;
			buildSettings = {
				CODE_SIGN_STYLE = Automatic;
				CURRENT_PROJECT_VERSION = 1;
				DEVELOPMENT_TEAM = J722DG3N7J;
				GENERATE_INFOPLIST_FILE = YES;
				MARKETING_VERSION = 1.0;
				PRODUCT_BUNDLE_IDENTIFIER = com.danielmoreno.projects.StudyonUITests;
				PRODUCT_NAME = "$(TARGET_NAME)";
				SWIFT_EMIT_LOC_STRINGS = NO;
				SWIFT_VERSION = 5.0;
				TARGETED_DEVICE_FAMILY = "1,2";
				TEST_TARGET_NAME = Studyon;
			};
			name = Release;
		};
		65D543572E2DE79A003B5737 /* Debug */ = {
			isa = XCBuildConfiguration;
			buildSettings = {
				ASSETCATALOG_COMPILER_GLOBAL_ACCENT_COLOR_NAME = AccentColor;
				ASSETCATALOG_COMPILER_WIDGET_BACKGROUND_COLOR_NAME = WidgetBackground;
				CODE_SIGN_STYLE = Automatic;
				CURRENT_PROJECT_VERSION = 1;
				DEVELOPMENT_TEAM = J722DG3N7J;
				GENERATE_INFOPLIST_FILE = YES;
				INFOPLIST_FILE = PomodoroWidget/Info.plist;
				INFOPLIST_KEY_CFBundleDisplayName = PomodoroWidget;
				INFOPLIST_KEY_NSHumanReadableCopyright = "";
				IPHONEOS_DEPLOYMENT_TARGET = 18.0;
				LD_RUNPATH_SEARCH_PATHS = (
					"$(inherited)",
					"@executable_path/Frameworks",
					"@executable_path/../../Frameworks",
				);
				MARKETING_VERSION = 1.0;
				PRODUCT_BUNDLE_IDENTIFIER = com.danielmoreno.projects.Studyon.PomodoroWidget;
				PRODUCT_NAME = "$(TARGET_NAME)";
				SKIP_INSTALL = YES;
				STRING_CATALOG_GENERATE_SYMBOLS = YES;
				SWIFT_APPROACHABLE_CONCURRENCY = YES;
				SWIFT_EMIT_LOC_STRINGS = YES;
				SWIFT_UPCOMING_FEATURE_MEMBER_IMPORT_VISIBILITY = YES;
				SWIFT_VERSION = 5.0;
				TARGETED_DEVICE_FAMILY = "1,2";
			};
			name = Debug;
		};
		65D543582E2DE79A003B5737 /* Release */ = {
			isa = XCBuildConfiguration;
			buildSettings = {
				ASSETCATALOG_COMPILER_GLOBAL_ACCENT_COLOR_NAME = AccentColor;
				ASSETCATALOG_COMPILER_WIDGET_BACKGROUND_COLOR_NAME = WidgetBackground;
				CODE_SIGN_STYLE = Automatic;
				CURRENT_PROJECT_VERSION = 1;
				DEVELOPMENT_TEAM = J722DG3N7J;
				GENERATE_INFOPLIST_FILE = YES;
				INFOPLIST_FILE = PomodoroWidget/Info.plist;
				INFOPLIST_KEY_CFBundleDisplayName = PomodoroWidget;
				INFOPLIST_KEY_NSHumanReadableCopyright = "";
				IPHONEOS_DEPLOYMENT_TARGET = 18.0;
				LD_RUNPATH_SEARCH_PATHS = (
					"$(inherited)",
					"@executable_path/Frameworks",
					"@executable_path/../../Frameworks",
				);
				MARKETING_VERSION = 1.0;
				PRODUCT_BUNDLE_IDENTIFIER = com.danielmoreno.projects.Studyon.PomodoroWidget;
				PRODUCT_NAME = "$(TARGET_NAME)";
				SKIP_INSTALL = YES;
				STRING_CATALOG_GENERATE_SYMBOLS = YES;
				SWIFT_APPROACHABLE_CONCURRENCY = YES;
				SWIFT_EMIT_LOC_STRINGS = YES;
				SWIFT_UPCOMING_FEATURE_MEMBER_IMPORT_VISIBILITY = YES;
				SWIFT_VERSION = 5.0;
				TARGETED_DEVICE_FAMILY = "1,2";
			};
			name = Release;
		};
/* End XCBuildConfiguration section */

/* Begin XCConfigurationList section */
		65B85A4D2D5F20B600A735DE /* Build configuration list for PBXProject "Studyon" */ = {
			isa = XCConfigurationList;
			buildConfigurations = (
				65B85A742D5F20B800A735DE /* Debug */,
				65B85A752D5F20B800A735DE /* Release */,
			);
			defaultConfigurationIsVisible = 0;
			defaultConfigurationName = Release;
		};
		65B85A762D5F20B800A735DE /* Build configuration list for PBXNativeTarget "Studyon" */ = {
			isa = XCConfigurationList;
			buildConfigurations = (
				65B85A772D5F20B800A735DE /* Debug */,
				65B85A782D5F20B800A735DE /* Release */,
			);
			defaultConfigurationIsVisible = 0;
			defaultConfigurationName = Release;
		};
		65B85A792D5F20B800A735DE /* Build configuration list for PBXNativeTarget "StudyonTests" */ = {
			isa = XCConfigurationList;
			buildConfigurations = (
				65B85A7A2D5F20B800A735DE /* Debug */,
				65B85A7B2D5F20B800A735DE /* Release */,
			);
			defaultConfigurationIsVisible = 0;
			defaultConfigurationName = Release;
		};
		65B85A7C2D5F20B800A735DE /* Build configuration list for PBXNativeTarget "StudyonUITests" */ = {
			isa = XCConfigurationList;
			buildConfigurations = (
				65B85A7D2D5F20B800A735DE /* Debug */,
				65B85A7E2D5F20B800A735DE /* Release */,
			);
			defaultConfigurationIsVisible = 0;
			defaultConfigurationName = Release;
		};
		65D543562E2DE79A003B5737 /* Build configuration list for PBXNativeTarget "PomodoroWidgetExtension" */ = {
			isa = XCConfigurationList;
			buildConfigurations = (
				65D543572E2DE79A003B5737 /* Debug */,
				65D543582E2DE79A003B5737 /* Release */,
			);
			defaultConfigurationIsVisible = 0;
			defaultConfigurationName = Release;
		};
/* End XCConfigurationList section */

/* Begin XCRemoteSwiftPackageReference section */
		65D805D72D725AEE00BF8A91 /* XCRemoteSwiftPackageReference "firebase-ios-sdk" */ = {
			isa = XCRemoteSwiftPackageReference;
			repositoryURL = "https://github.com/firebase/firebase-ios-sdk.git";
			requirement = {
				kind = upToNextMajorVersion;
				minimumVersion = 11.9.0;
			};
		};
/* End XCRemoteSwiftPackageReference section */

/* Begin XCSwiftPackageProductDependency section */
		654189422DD685B2007E7F77 /* FirebaseFirestore */ = {
			isa = XCSwiftPackageProductDependency;
			package = 65D805D72D725AEE00BF8A91 /* XCRemoteSwiftPackageReference "firebase-ios-sdk" */;
			productName = FirebaseFirestore;
		};
		65D805D82D725AEE00BF8A91 /* FirebaseAnalytics */ = {
			isa = XCSwiftPackageProductDependency;
			package = 65D805D72D725AEE00BF8A91 /* XCRemoteSwiftPackageReference "firebase-ios-sdk" */;
			productName = FirebaseAnalytics;
		};
		65D805DB2D72CF4C00BF8A91 /* FirebaseAuth */ = {
			isa = XCSwiftPackageProductDependency;
			package = 65D805D72D725AEE00BF8A91 /* XCRemoteSwiftPackageReference "firebase-ios-sdk" */;
			productName = FirebaseAuth;
		};
/* End XCSwiftPackageProductDependency section */
	};
	rootObject = 65B85A4A2D5F20B600A735DE /* Project object */;
}
